<?xml version="1.0" encoding="UTF-8"?>
<!DOCTYPE plist PUBLIC "-//Apple//DTD PLIST 1.0//EN" "http://www.apple.com/DTDs/PropertyList-1.0.dtd">
<plist version="1.0">
<dict>
	<key>archiveVersion</key>
	<string>1</string>
	<key>classes</key>
	<dict/>
	<key>objectVersion</key>
	<string>46</string>
	<key>objects</key>
	<dict>
		<key>2D34C551162718C400F170CA</key>
		<dict>
			<key>children</key>
			<array>
				<string>2D34C566162718C500F170CA</string>
				<string>2D34C55F162718C400F170CA</string>
				<string>2D34C55D162718C400F170CA</string>
				<string>ADCAEF1C8A2C492EB2B3961B</string>
			</array>
			<key>isa</key>
			<string>PBXGroup</string>
			<key>sourceTree</key>
			<string>&lt;group&gt;</string>
		</dict>
		<key>2D34C553162718C400F170CA</key>
		<dict>
			<key>attributes</key>
			<dict>
				<key>CLASSPREFIX</key>
				<string>VV</string>
				<key>LastUpgradeCheck</key>
				<string>0450</string>
				<key>ORGANIZATIONNAME</key>
				<string>VandyMobile</string>
			</dict>
			<key>buildConfigurationList</key>
			<string>2D34C556162718C400F170CA</string>
			<key>compatibilityVersion</key>
			<string>Xcode 3.2</string>
			<key>developmentRegion</key>
			<string>English</string>
			<key>hasScannedForEncodings</key>
			<string>0</string>
			<key>isa</key>
			<string>PBXProject</string>
			<key>knownRegions</key>
			<array>
				<string>en</string>
			</array>
			<key>mainGroup</key>
			<string>2D34C551162718C400F170CA</string>
			<key>productRefGroup</key>
			<string>2D34C55D162718C400F170CA</string>
			<key>projectDirPath</key>
			<string></string>
			<key>projectRoot</key>
			<string></string>
			<key>targets</key>
			<array>
				<string>2D34C55B162718C400F170CA</string>
			</array>
		</dict>
		<key>2D34C556162718C400F170CA</key>
		<dict>
			<key>buildConfigurations</key>
			<array>
				<string>2D34C58C162718C500F170CA</string>
				<string>2D34C58D162718C500F170CA</string>
			</array>
			<key>defaultConfigurationIsVisible</key>
			<string>0</string>
			<key>defaultConfigurationName</key>
			<string>Release</string>
			<key>isa</key>
			<string>XCConfigurationList</string>
		</dict>
		<key>2D34C558162718C400F170CA</key>
		<dict>
			<key>buildActionMask</key>
			<string>2147483647</string>
			<key>files</key>
			<array>
				<string>2D34C56D162718C500F170CA</string>
				<string>2D34C571162718C500F170CA</string>
				<string>2D34C59316271A9100F170CA</string>
				<string>2D34C59616271B8600F170CA</string>
			</array>
			<key>isa</key>
			<string>PBXSourcesBuildPhase</string>
			<key>runOnlyForDeploymentPostprocessing</key>
			<string>0</string>
		</dict>
		<key>2D34C559162718C400F170CA</key>
		<dict>
			<key>buildActionMask</key>
			<string>2147483647</string>
			<key>files</key>
			<array>
				<string>2D34C561162718C500F170CA</string>
				<string>2D34C563162718C500F170CA</string>
				<string>2D34C565162718C500F170CA</string>
				<string>809D88CC0AAF4B31A477FF7E</string>
			</array>
			<key>isa</key>
			<string>PBXFrameworksBuildPhase</string>
			<key>runOnlyForDeploymentPostprocessing</key>
			<string>0</string>
		</dict>
		<key>2D34C55A162718C400F170CA</key>
		<dict>
			<key>buildActionMask</key>
			<string>2147483647</string>
			<key>files</key>
			<array>
				<string>2D34C56B162718C500F170CA</string>
				<string>2D34C573162718C500F170CA</string>
				<string>2D34C575162718C500F170CA</string>
				<string>2D34C577162718C500F170CA</string>
				<string>2D34C57A162718C500F170CA</string>
				<string>2D34C57D162718C500F170CA</string>
				<string>2D34C582162718C500F170CA</string>
				<string>2D34C584162718C500F170CA</string>
				<string>2D34C589162718C500F170CA</string>
				<string>2D34C58B162718C500F170CA</string>
			</array>
			<key>isa</key>
			<string>PBXResourcesBuildPhase</string>
			<key>runOnlyForDeploymentPostprocessing</key>
			<string>0</string>
		</dict>
		<key>2D34C55B162718C400F170CA</key>
		<dict>
			<key>buildConfigurationList</key>
			<string>2D34C58E162718C500F170CA</string>
			<key>buildPhases</key>
			<array>
				<string>2D34C558162718C400F170CA</string>
				<string>2D34C559162718C400F170CA</string>
				<string>2D34C55A162718C400F170CA</string>
				<string>CF659307DCC44B61AC9EC350</string>
			</array>
			<key>buildRules</key>
			<array/>
			<key>dependencies</key>
			<array/>
			<key>isa</key>
			<string>PBXNativeTarget</string>
			<key>name</key>
			<string>Vandy Vans</string>
			<key>productName</key>
			<string>Vandy Vans</string>
			<key>productReference</key>
			<string>2D34C55C162718C400F170CA</string>
			<key>productType</key>
			<string>com.apple.product-type.application</string>
		</dict>
		<key>2D34C55C162718C400F170CA</key>
		<dict>
			<key>explicitFileType</key>
			<string>wrapper.application</string>
			<key>includeInIndex</key>
			<string>0</string>
			<key>isa</key>
			<string>PBXFileReference</string>
			<key>name</key>
			<string>Vandy Vans.app</string>
			<key>path</key>
			<string>Vandy Vans.app</string>
			<key>sourceTree</key>
			<string>BUILT_PRODUCTS_DIR</string>
		</dict>
		<key>2D34C55D162718C400F170CA</key>
		<dict>
			<key>children</key>
			<array>
				<string>2D34C55C162718C400F170CA</string>
			</array>
			<key>isa</key>
			<string>PBXGroup</string>
			<key>name</key>
			<string>Products</string>
			<key>sourceTree</key>
			<string>&lt;group&gt;</string>
		</dict>
		<key>2D34C55F162718C400F170CA</key>
		<dict>
			<key>children</key>
			<array>
				<string>2D34C560162718C400F170CA</string>
				<string>2D34C562162718C500F170CA</string>
				<string>2D34C564162718C500F170CA</string>
				<string>BA171022C5534BA0B4C4AA79</string>
			</array>
			<key>isa</key>
			<string>PBXGroup</string>
			<key>name</key>
			<string>Frameworks</string>
			<key>sourceTree</key>
			<string>&lt;group&gt;</string>
		</dict>
		<key>2D34C560162718C400F170CA</key>
		<dict>
			<key>includeInIndex</key>
			<string>1</string>
			<key>isa</key>
			<string>PBXFileReference</string>
			<key>lastKnownFileType</key>
			<string>wrapper.framework</string>
			<key>name</key>
			<string>UIKit.framework</string>
			<key>path</key>
			<string>System/Library/Frameworks/UIKit.framework</string>
			<key>sourceTree</key>
			<string>SDKROOT</string>
		</dict>
		<key>2D34C561162718C500F170CA</key>
		<dict>
			<key>fileRef</key>
			<string>2D34C560162718C400F170CA</string>
			<key>isa</key>
			<string>PBXBuildFile</string>
		</dict>
		<key>2D34C562162718C500F170CA</key>
		<dict>
			<key>includeInIndex</key>
			<string>1</string>
			<key>isa</key>
			<string>PBXFileReference</string>
			<key>lastKnownFileType</key>
			<string>wrapper.framework</string>
			<key>name</key>
			<string>Foundation.framework</string>
			<key>path</key>
			<string>System/Library/Frameworks/Foundation.framework</string>
			<key>sourceTree</key>
			<string>SDKROOT</string>
		</dict>
		<key>2D34C563162718C500F170CA</key>
		<dict>
			<key>fileRef</key>
			<string>2D34C562162718C500F170CA</string>
			<key>isa</key>
			<string>PBXBuildFile</string>
		</dict>
		<key>2D34C564162718C500F170CA</key>
		<dict>
			<key>includeInIndex</key>
			<string>1</string>
			<key>isa</key>
			<string>PBXFileReference</string>
			<key>lastKnownFileType</key>
			<string>wrapper.framework</string>
			<key>name</key>
			<string>CoreGraphics.framework</string>
			<key>path</key>
			<string>System/Library/Frameworks/CoreGraphics.framework</string>
			<key>sourceTree</key>
			<string>SDKROOT</string>
		</dict>
		<key>2D34C565162718C500F170CA</key>
		<dict>
			<key>fileRef</key>
			<string>2D34C564162718C500F170CA</string>
			<key>isa</key>
			<string>PBXBuildFile</string>
		</dict>
		<key>2D34C566162718C500F170CA</key>
		<dict>
			<key>children</key>
			<array>
				<string>2D34C56F162718C500F170CA</string>
				<string>2D34C570162718C500F170CA</string>
				<string>2D34C578162718C500F170CA</string>
				<string>2D34C59416271B8600F170CA</string>
				<string>2D34C59516271B8600F170CA</string>
				<string>2D34C57B162718C500F170CA</string>
				<string>2D34C59116271A9100F170CA</string>
				<string>2D34C59216271A9100F170CA</string>
				<string>2D34C581162718C500F170CA</string>
				<string>2D34C583162718C500F170CA</string>
				<string>2D34C588162718C500F170CA</string>
				<string>2D34C58A162718C500F170CA</string>
				<string>2D34C567162718C500F170CA</string>
			</array>
			<key>isa</key>
			<string>PBXGroup</string>
			<key>path</key>
			<string>Vandy Vans</string>
			<key>sourceTree</key>
			<string>&lt;group&gt;</string>
		</dict>
		<key>2D34C567162718C500F170CA</key>
		<dict>
			<key>children</key>
			<array>
				<string>2D34C568162718C500F170CA</string>
				<string>2D34C569162718C500F170CA</string>
				<string>2D34C56C162718C500F170CA</string>
				<string>2D34C56E162718C500F170CA</string>
				<string>2D34C572162718C500F170CA</string>
				<string>2D34C574162718C500F170CA</string>
				<string>2D34C576162718C500F170CA</string>
			</array>
			<key>isa</key>
			<string>PBXGroup</string>
			<key>name</key>
			<string>Supporting Files</string>
			<key>sourceTree</key>
			<string>&lt;group&gt;</string>
		</dict>
		<key>2D34C568162718C500F170CA</key>
		<dict>
			<key>isa</key>
			<string>PBXFileReference</string>
			<key>lastKnownFileType</key>
			<string>text.plist.xml</string>
			<key>path</key>
			<string>Vandy Vans-Info.plist</string>
			<key>sourceTree</key>
			<string>&lt;group&gt;</string>
		</dict>
		<key>2D34C569162718C500F170CA</key>
		<dict>
			<key>children</key>
			<array>
				<string>2D34C56A162718C500F170CA</string>
			</array>
			<key>isa</key>
			<string>PBXVariantGroup</string>
			<key>name</key>
			<string>InfoPlist.strings</string>
			<key>sourceTree</key>
			<string>&lt;group&gt;</string>
		</dict>
		<key>2D34C56A162718C500F170CA</key>
		<dict>
			<key>isa</key>
			<string>PBXFileReference</string>
			<key>lastKnownFileType</key>
			<string>text.plist.strings</string>
			<key>name</key>
			<string>en</string>
			<key>path</key>
			<string>en.lproj/InfoPlist.strings</string>
			<key>sourceTree</key>
			<string>&lt;group&gt;</string>
		</dict>
		<key>2D34C56B162718C500F170CA</key>
		<dict>
			<key>fileRef</key>
			<string>2D34C569162718C500F170CA</string>
			<key>isa</key>
			<string>PBXBuildFile</string>
		</dict>
		<key>2D34C56C162718C500F170CA</key>
		<dict>
			<key>isa</key>
			<string>PBXFileReference</string>
			<key>lastKnownFileType</key>
			<string>sourcecode.c.objc</string>
			<key>path</key>
			<string>main.m</string>
			<key>sourceTree</key>
			<string>&lt;group&gt;</string>
		</dict>
		<key>2D34C56D162718C500F170CA</key>
		<dict>
			<key>fileRef</key>
			<string>2D34C56C162718C500F170CA</string>
			<key>isa</key>
			<string>PBXBuildFile</string>
		</dict>
		<key>2D34C56E162718C500F170CA</key>
		<dict>
			<key>isa</key>
			<string>PBXFileReference</string>
			<key>lastKnownFileType</key>
			<string>sourcecode.c.h</string>
			<key>path</key>
			<string>Vandy Vans-Prefix.pch</string>
			<key>sourceTree</key>
			<string>&lt;group&gt;</string>
		</dict>
		<key>2D34C56F162718C500F170CA</key>
		<dict>
			<key>isa</key>
			<string>PBXFileReference</string>
			<key>lastKnownFileType</key>
			<string>sourcecode.c.h</string>
			<key>path</key>
			<string>VVAppDelegate.h</string>
			<key>sourceTree</key>
			<string>&lt;group&gt;</string>
		</dict>
		<key>2D34C570162718C500F170CA</key>
		<dict>
			<key>isa</key>
			<string>PBXFileReference</string>
			<key>lastKnownFileType</key>
			<string>sourcecode.c.objc</string>
			<key>path</key>
			<string>VVAppDelegate.m</string>
			<key>sourceTree</key>
			<string>&lt;group&gt;</string>
		</dict>
		<key>2D34C571162718C500F170CA</key>
		<dict>
			<key>fileRef</key>
			<string>2D34C570162718C500F170CA</string>
			<key>isa</key>
			<string>PBXBuildFile</string>
		</dict>
		<key>2D34C572162718C500F170CA</key>
		<dict>
			<key>isa</key>
			<string>PBXFileReference</string>
			<key>lastKnownFileType</key>
			<string>image.png</string>
			<key>path</key>
			<string>Default.png</string>
			<key>sourceTree</key>
			<string>&lt;group&gt;</string>
		</dict>
		<key>2D34C573162718C500F170CA</key>
		<dict>
			<key>fileRef</key>
			<string>2D34C572162718C500F170CA</string>
			<key>isa</key>
			<string>PBXBuildFile</string>
		</dict>
		<key>2D34C574162718C500F170CA</key>
		<dict>
			<key>isa</key>
			<string>PBXFileReference</string>
			<key>lastKnownFileType</key>
			<string>image.png</string>
			<key>path</key>
			<string>Default@2x.png</string>
			<key>sourceTree</key>
			<string>&lt;group&gt;</string>
		</dict>
		<key>2D34C575162718C500F170CA</key>
		<dict>
			<key>fileRef</key>
			<string>2D34C574162718C500F170CA</string>
			<key>isa</key>
			<string>PBXBuildFile</string>
		</dict>
		<key>2D34C576162718C500F170CA</key>
		<dict>
			<key>isa</key>
			<string>PBXFileReference</string>
			<key>lastKnownFileType</key>
			<string>image.png</string>
			<key>path</key>
			<string>Default-568h@2x.png</string>
			<key>sourceTree</key>
			<string>&lt;group&gt;</string>
		</dict>
		<key>2D34C577162718C500F170CA</key>
		<dict>
			<key>fileRef</key>
			<string>2D34C576162718C500F170CA</string>
			<key>isa</key>
			<string>PBXBuildFile</string>
		</dict>
		<key>2D34C578162718C500F170CA</key>
		<dict>
			<key>children</key>
			<array>
				<string>2D34C579162718C500F170CA</string>
			</array>
			<key>isa</key>
			<string>PBXVariantGroup</string>
			<key>name</key>
			<string>MainStoryboard_iPhone.storyboard</string>
			<key>sourceTree</key>
			<string>&lt;group&gt;</string>
		</dict>
		<key>2D34C579162718C500F170CA</key>
		<dict>
			<key>isa</key>
			<string>PBXFileReference</string>
			<key>lastKnownFileType</key>
			<string>file.storyboard</string>
			<key>name</key>
			<string>en</string>
			<key>path</key>
			<string>en.lproj/MainStoryboard_iPhone.storyboard</string>
			<key>sourceTree</key>
			<string>&lt;group&gt;</string>
		</dict>
		<key>2D34C57A162718C500F170CA</key>
		<dict>
			<key>fileRef</key>
			<string>2D34C578162718C500F170CA</string>
			<key>isa</key>
			<string>PBXBuildFile</string>
		</dict>
		<key>2D34C57B162718C500F170CA</key>
		<dict>
			<key>children</key>
			<array>
				<string>2D34C57C162718C500F170CA</string>
			</array>
			<key>isa</key>
			<string>PBXVariantGroup</string>
			<key>name</key>
			<string>MainStoryboard_iPad.storyboard</string>
			<key>sourceTree</key>
			<string>&lt;group&gt;</string>
		</dict>
		<key>2D34C57C162718C500F170CA</key>
		<dict>
			<key>isa</key>
			<string>PBXFileReference</string>
			<key>lastKnownFileType</key>
			<string>file.storyboard</string>
			<key>name</key>
			<string>en</string>
			<key>path</key>
			<string>en.lproj/MainStoryboard_iPad.storyboard</string>
			<key>sourceTree</key>
			<string>&lt;group&gt;</string>
		</dict>
		<key>2D34C57D162718C500F170CA</key>
		<dict>
			<key>fileRef</key>
			<string>2D34C57B162718C500F170CA</string>
			<key>isa</key>
			<string>PBXBuildFile</string>
		</dict>
		<key>2D34C581162718C500F170CA</key>
		<dict>
			<key>isa</key>
			<string>PBXFileReference</string>
			<key>lastKnownFileType</key>
			<string>image.png</string>
			<key>path</key>
			<string>first.png</string>
			<key>sourceTree</key>
			<string>&lt;group&gt;</string>
		</dict>
		<key>2D34C582162718C500F170CA</key>
		<dict>
			<key>fileRef</key>
			<string>2D34C581162718C500F170CA</string>
			<key>isa</key>
			<string>PBXBuildFile</string>
		</dict>
		<key>2D34C583162718C500F170CA</key>
		<dict>
			<key>isa</key>
			<string>PBXFileReference</string>
			<key>lastKnownFileType</key>
			<string>image.png</string>
			<key>path</key>
			<string>first@2x.png</string>
			<key>sourceTree</key>
			<string>&lt;group&gt;</string>
		</dict>
		<key>2D34C584162718C500F170CA</key>
		<dict>
			<key>fileRef</key>
			<string>2D34C583162718C500F170CA</string>
			<key>isa</key>
			<string>PBXBuildFile</string>
		</dict>
		<key>2D34C588162718C500F170CA</key>
		<dict>
			<key>isa</key>
			<string>PBXFileReference</string>
			<key>lastKnownFileType</key>
			<string>image.png</string>
			<key>path</key>
			<string>second.png</string>
			<key>sourceTree</key>
			<string>&lt;group&gt;</string>
		</dict>
		<key>2D34C589162718C500F170CA</key>
		<dict>
			<key>fileRef</key>
			<string>2D34C588162718C500F170CA</string>
			<key>isa</key>
			<string>PBXBuildFile</string>
		</dict>
		<key>2D34C58A162718C500F170CA</key>
		<dict>
			<key>isa</key>
			<string>PBXFileReference</string>
			<key>lastKnownFileType</key>
			<string>image.png</string>
			<key>path</key>
			<string>second@2x.png</string>
			<key>sourceTree</key>
			<string>&lt;group&gt;</string>
		</dict>
		<key>2D34C58B162718C500F170CA</key>
		<dict>
			<key>fileRef</key>
			<string>2D34C58A162718C500F170CA</string>
			<key>isa</key>
			<string>PBXBuildFile</string>
		</dict>
		<key>2D34C58C162718C500F170CA</key>
		<dict>
			<key>buildSettings</key>
			<dict>
				<key>ALWAYS_SEARCH_USER_PATHS</key>
				<string>NO</string>
				<key>CLANG_CXX_LANGUAGE_STANDARD</key>
				<string>gnu++0x</string>
				<key>CLANG_CXX_LIBRARY</key>
				<string>libc++</string>
				<key>CLANG_ENABLE_OBJC_ARC</key>
				<string>YES</string>
				<key>CLANG_WARN_EMPTY_BODY</key>
				<string>YES</string>
				<key>CLANG_WARN__DUPLICATE_METHOD_MATCH</key>
				<string>YES</string>
				<key>CODE_SIGN_IDENTITY[sdk=iphoneos*]</key>
				<string>iPhone Developer</string>
				<key>COPY_PHASE_STRIP</key>
				<string>NO</string>
				<key>GCC_C_LANGUAGE_STANDARD</key>
				<string>gnu99</string>
				<key>GCC_DYNAMIC_NO_PIC</key>
				<string>NO</string>
				<key>GCC_OPTIMIZATION_LEVEL</key>
				<string>0</string>
				<key>GCC_PREPROCESSOR_DEFINITIONS</key>
				<array>
					<string>DEBUG=1</string>
					<string>$(inherited)</string>
				</array>
				<key>GCC_SYMBOLS_PRIVATE_EXTERN</key>
				<string>NO</string>
				<key>GCC_WARN_ABOUT_RETURN_TYPE</key>
				<string>YES</string>
				<key>GCC_WARN_UNINITIALIZED_AUTOS</key>
				<string>YES</string>
				<key>GCC_WARN_UNUSED_VARIABLE</key>
				<string>YES</string>
				<key>IPHONEOS_DEPLOYMENT_TARGET</key>
				<string>6.0</string>
				<key>ONLY_ACTIVE_ARCH</key>
				<string>YES</string>
				<key>SDKROOT</key>
				<string>iphoneos</string>
				<key>TARGETED_DEVICE_FAMILY</key>
				<string>1,2</string>
			</dict>
			<key>isa</key>
			<string>XCBuildConfiguration</string>
			<key>name</key>
			<string>Debug</string>
		</dict>
		<key>2D34C58D162718C500F170CA</key>
		<dict>
			<key>buildSettings</key>
			<dict>
				<key>ALWAYS_SEARCH_USER_PATHS</key>
				<string>NO</string>
				<key>CLANG_CXX_LANGUAGE_STANDARD</key>
				<string>gnu++0x</string>
				<key>CLANG_CXX_LIBRARY</key>
				<string>libc++</string>
				<key>CLANG_ENABLE_OBJC_ARC</key>
				<string>YES</string>
				<key>CLANG_WARN_EMPTY_BODY</key>
				<string>YES</string>
				<key>CLANG_WARN__DUPLICATE_METHOD_MATCH</key>
				<string>YES</string>
				<key>CODE_SIGN_IDENTITY[sdk=iphoneos*]</key>
				<string>iPhone Developer</string>
				<key>COPY_PHASE_STRIP</key>
				<string>YES</string>
				<key>GCC_C_LANGUAGE_STANDARD</key>
				<string>gnu99</string>
				<key>GCC_WARN_ABOUT_RETURN_TYPE</key>
				<string>YES</string>
				<key>GCC_WARN_UNINITIALIZED_AUTOS</key>
				<string>YES</string>
				<key>GCC_WARN_UNUSED_VARIABLE</key>
				<string>YES</string>
				<key>IPHONEOS_DEPLOYMENT_TARGET</key>
				<string>6.0</string>
				<key>OTHER_CFLAGS</key>
				<string>-DNS_BLOCK_ASSERTIONS=1</string>
				<key>SDKROOT</key>
				<string>iphoneos</string>
				<key>TARGETED_DEVICE_FAMILY</key>
				<string>1,2</string>
				<key>VALIDATE_PRODUCT</key>
				<string>YES</string>
			</dict>
			<key>isa</key>
			<string>XCBuildConfiguration</string>
			<key>name</key>
			<string>Release</string>
		</dict>
		<key>2D34C58E162718C500F170CA</key>
		<dict>
			<key>buildConfigurations</key>
			<array>
				<string>2D34C58F162718C500F170CA</string>
				<string>2D34C590162718C500F170CA</string>
			</array>
			<key>defaultConfigurationIsVisible</key>
			<string>0</string>
			<key>isa</key>
			<string>XCConfigurationList</string>
		</dict>
		<key>2D34C58F162718C500F170CA</key>
		<dict>
			<key>baseConfigurationReference</key>
			<string>ADCAEF1C8A2C492EB2B3961B</string>
			<key>buildSettings</key>
			<dict>
				<key>GCC_PRECOMPILE_PREFIX_HEADER</key>
				<string>YES</string>
				<key>GCC_PREFIX_HEADER</key>
				<string>Vandy Vans/Vandy Vans-Prefix.pch</string>
				<key>INFOPLIST_FILE</key>
				<string>Vandy Vans/Vandy Vans-Info.plist</string>
				<key>PRODUCT_NAME</key>
				<string>$(TARGET_NAME)</string>
				<key>WRAPPER_EXTENSION</key>
				<string>app</string>
			</dict>
			<key>isa</key>
			<string>XCBuildConfiguration</string>
			<key>name</key>
			<string>Debug</string>
		</dict>
		<key>2D34C590162718C500F170CA</key>
		<dict>
			<key>baseConfigurationReference</key>
			<string>ADCAEF1C8A2C492EB2B3961B</string>
			<key>buildSettings</key>
			<dict>
				<key>GCC_PRECOMPILE_PREFIX_HEADER</key>
				<string>YES</string>
				<key>GCC_PREFIX_HEADER</key>
				<string>Vandy Vans/Vandy Vans-Prefix.pch</string>
				<key>INFOPLIST_FILE</key>
				<string>Vandy Vans/Vandy Vans-Info.plist</string>
				<key>PRODUCT_NAME</key>
				<string>$(TARGET_NAME)</string>
				<key>WRAPPER_EXTENSION</key>
				<string>app</string>
			</dict>
			<key>isa</key>
			<string>XCBuildConfiguration</string>
			<key>name</key>
			<string>Release</string>
		</dict>
		<key>2D34C59116271A9100F170CA</key>
		<dict>
			<key>fileEncoding</key>
			<string>4</string>
			<key>isa</key>
			<string>PBXFileReference</string>
			<key>lastKnownFileType</key>
			<string>sourcecode.c.h</string>
			<key>path</key>
			<string>VVArrivalTimeTableViewController.h</string>
			<key>sourceTree</key>
			<string>&lt;group&gt;</string>
		</dict>
		<key>2D34C59216271A9100F170CA</key>
		<dict>
			<key>fileEncoding</key>
			<string>4</string>
			<key>isa</key>
			<string>PBXFileReference</string>
			<key>lastKnownFileType</key>
			<string>sourcecode.c.objc</string>
			<key>path</key>
			<string>VVArrivalTimeTableViewController.m</string>
			<key>sourceTree</key>
			<string>&lt;group&gt;</string>
		</dict>
		<key>2D34C59316271A9100F170CA</key>
		<dict>
			<key>fileRef</key>
			<string>2D34C59216271A9100F170CA</string>
			<key>isa</key>
			<string>PBXBuildFile</string>
		</dict>
		<key>2D34C59416271B8600F170CA</key>
		<dict>
			<key>fileEncoding</key>
			<string>4</string>
			<key>isa</key>
			<string>PBXFileReference</string>
			<key>lastKnownFileType</key>
			<string>sourcecode.c.h</string>
			<key>path</key>
			<string>VVMapViewController.h</string>
			<key>sourceTree</key>
			<string>&lt;group&gt;</string>
		</dict>
		<key>2D34C59516271B8600F170CA</key>
		<dict>
			<key>fileEncoding</key>
			<string>4</string>
			<key>isa</key>
			<string>PBXFileReference</string>
			<key>lastKnownFileType</key>
			<string>sourcecode.c.objc</string>
			<key>path</key>
			<string>VVMapViewController.m</string>
			<key>sourceTree</key>
			<string>&lt;group&gt;</string>
		</dict>
		<key>2D34C59616271B8600F170CA</key>
		<dict>
			<key>fileRef</key>
			<string>2D34C59516271B8600F170CA</string>
			<key>isa</key>
			<string>PBXBuildFile</string>
		</dict>
		<key>809D88CC0AAF4B31A477FF7E</key>
		<dict>
			<key>fileRef</key>
			<string>BA171022C5534BA0B4C4AA79</string>
			<key>isa</key>
			<string>PBXBuildFile</string>
		</dict>
		<key>ADCAEF1C8A2C492EB2B3961B</key>
		<dict>
			<key>includeInIndex</key>
			<string>1</string>
			<key>isa</key>
			<string>PBXFileReference</string>
			<key>lastKnownFileType</key>
			<string>text.xcconfig</string>
			<key>name</key>
			<string>Pods.xcconfig</string>
			<key>path</key>
			<string>Pods/Pods.xcconfig</string>
			<key>sourceTree</key>
			<string>SOURCE_ROOT</string>
		</dict>
		<key>BA171022C5534BA0B4C4AA79</key>
		<dict>
			<key>explicitFileType</key>
			<string>archive.ar</string>
			<key>includeInIndex</key>
			<string>0</string>
			<key>isa</key>
			<string>PBXFileReference</string>
			<key>name</key>
			<string>libPods.a</string>
			<key>path</key>
			<string>libPods.a</string>
			<key>sourceTree</key>
			<string>BUILT_PRODUCTS_DIR</string>
		</dict>
		<key>CF659307DCC44B61AC9EC350</key>
		<dict>
			<key>buildActionMask</key>
			<string>2147483647</string>
			<key>files</key>
			<array/>
			<key>inputPaths</key>
			<array/>
			<key>isa</key>
			<string>PBXShellScriptBuildPhase</string>
			<key>name</key>
			<string>Copy Pods Resources</string>
			<key>outputPaths</key>
			<array/>
			<key>runOnlyForDeploymentPostprocessing</key>
			<string>0</string>
			<key>shellPath</key>
			<string>/bin/sh</string>
			<key>shellScript</key>
			<string>"${SRCROOT}/Pods/Pods-resources.sh"
</string>
		</dict>
	</dict>
	<key>rootObject</key>
	<string>2D34C553162718C400F170CA</string>
</dict>
</plist>
