// !$*UTF8*$!
{
	archiveVersion = 1;
	classes = {
	};
	objectVersion = 46;
	objects = {

/* Begin PBXBuildFile section */
		2D0A6EE5172B131600781754 /* map.png in Resources */ = {isa = PBXBuildFile; fileRef = 2D0A6EE3172B131600781754 /* map.png */; };
		2D0A6EE6172B131600781754 /* map@2x.png in Resources */ = {isa = PBXBuildFile; fileRef = 2D0A6EE4172B131600781754 /* map@2x.png */; };
		2D0A6EE9172B135F00781754 /* target.png in Resources */ = {isa = PBXBuildFile; fileRef = 2D0A6EE7172B135F00781754 /* target.png */; };
		2D0A6EEA172B135F00781754 /* target@2x.png in Resources */ = {isa = PBXBuildFile; fileRef = 2D0A6EE8172B135F00781754 /* target@2x.png */; };
		2D0A6EED172B1C7100781754 /* GMSMarker+ConstructorAdditions.m in Sources */ = {isa = PBXBuildFile; fileRef = 2D0A6EEC172B1C7100781754 /* GMSMarker+ConstructorAdditions.m */; };
		2D1950A01729392E0071A6EA /* VVRoute.m in Sources */ = {isa = PBXBuildFile; fileRef = 2D19509F1729392E0071A6EA /* VVRoute.m */; };
		2D34C561162718C500F170CA /* UIKit.framework in Frameworks */ = {isa = PBXBuildFile; fileRef = 2D34C560162718C400F170CA /* UIKit.framework */; };
		2D34C563162718C500F170CA /* Foundation.framework in Frameworks */ = {isa = PBXBuildFile; fileRef = 2D34C562162718C500F170CA /* Foundation.framework */; };
		2D34C56B162718C500F170CA /* InfoPlist.strings in Resources */ = {isa = PBXBuildFile; fileRef = 2D34C569162718C500F170CA /* InfoPlist.strings */; };
		2D34C56D162718C500F170CA /* main.m in Sources */ = {isa = PBXBuildFile; fileRef = 2D34C56C162718C500F170CA /* main.m */; };
		2D34C571162718C500F170CA /* VVAppDelegate.m in Sources */ = {isa = PBXBuildFile; fileRef = 2D34C570162718C500F170CA /* VVAppDelegate.m */; };
		2D34C59316271A9100F170CA /* VVStopTableViewController.m in Sources */ = {isa = PBXBuildFile; fileRef = 2D34C59216271A9100F170CA /* VVStopTableViewController.m */; };
		2D34C59616271B8600F170CA /* VVMapViewController.m in Sources */ = {isa = PBXBuildFile; fileRef = 2D34C59516271B8600F170CA /* VVMapViewController.m */; };
		2D4D009A168E5A6E00F0BF67 /* MainStoryboard_iPhone.storyboard in Resources */ = {isa = PBXBuildFile; fileRef = 2D4D0098168E5A6E00F0BF67 /* MainStoryboard_iPhone.storyboard */; };
		2D5BE9FC16609B4300CEFFA3 /* VVAPIClient.m in Sources */ = {isa = PBXBuildFile; fileRef = 2D5BE9FB16609B4300CEFFA3 /* VVAPIClient.m */; };
		2D5BE9FF1660A5A000CEFFA3 /* VVArrivalTime.m in Sources */ = {isa = PBXBuildFile; fileRef = 2D5BE9FE1660A5A000CEFFA3 /* VVArrivalTime.m */; };
		2D7890FF16998AE700C70302 /* VVIcon.png in Resources */ = {isa = PBXBuildFile; fileRef = 2D7890FE16998AE700C70302 /* VVIcon.png */; };
		2D78910216998B0F00C70302 /* VVIcon@2x.png in Resources */ = {isa = PBXBuildFile; fileRef = 2D78910116998B0F00C70302 /* VVIcon@2x.png */; };
		2D78910416998B3400C70302 /* VVAppStoreIcon.png in Resources */ = {isa = PBXBuildFile; fileRef = 2D78910316998B3400C70302 /* VVAppStoreIcon.png */; };
		2D78910E16998C0900C70302 /* VVSpotlightIcon@2x.png in Resources */ = {isa = PBXBuildFile; fileRef = 2D78910B16998C0900C70302 /* VVSpotlightIcon@2x.png */; };
		2D78910F16998C0900C70302 /* VVSpotlightIcon.png in Resources */ = {isa = PBXBuildFile; fileRef = 2D78910C16998C0900C70302 /* VVSpotlightIcon.png */; };
		2D78911016998C0900C70302 /* VVAppStoreIcon@2x.png in Resources */ = {isa = PBXBuildFile; fileRef = 2D78910D16998C0900C70302 /* VVAppStoreIcon@2x.png */; };
		2DA198AC16AAB8F7008F5CB5 /* VVReportTableViewController.m in Sources */ = {isa = PBXBuildFile; fileRef = 2DA198AB16AAB8F7008F5CB5 /* VVReportTableViewController.m */; };
		2DA198B016AAC0CC008F5CB5 /* VVAboutTableViewController.m in Sources */ = {isa = PBXBuildFile; fileRef = 2DA198AF16AAC0CC008F5CB5 /* VVAboutTableViewController.m */; };
		2DADC6DB173889130067B052 /* VVAttributionViewController.m in Sources */ = {isa = PBXBuildFile; fileRef = 2DADC6DA173889130067B052 /* VVAttributionViewController.m */; };
		2DAE7C0A16F081370014701E /* VVAlertBuilder.m in Sources */ = {isa = PBXBuildFile; fileRef = 2DAE7C0916F081370014701E /* VVAlertBuilder.m */; };
		2DB065A8166177D20077AAB4 /* SystemConfiguration.framework in Frameworks */ = {isa = PBXBuildFile; fileRef = 2DB065A7166177D20077AAB4 /* SystemConfiguration.framework */; };
		2DB065AA166177DA0077AAB4 /* MobileCoreServices.framework in Frameworks */ = {isa = PBXBuildFile; fileRef = 2DB065A9166177DA0077AAB4 /* MobileCoreServices.framework */; };
		2DB1191316BD2161008BA3E9 /* VVAboutBackground-568h@2x.jpg in Resources */ = {isa = PBXBuildFile; fileRef = 2DB1191116BD2161008BA3E9 /* VVAboutBackground-568h@2x.jpg */; };
		2DB213BE173752A9008CD801 /* Default-568h@2x.png in Resources */ = {isa = PBXBuildFile; fileRef = 2DB213BD173752A9008CD801 /* Default-568h@2x.png */; };
		2DB213C0173752B3008CD801 /* Default@2x.png in Resources */ = {isa = PBXBuildFile; fileRef = 2DB213BF173752B3008CD801 /* Default@2x.png */; };
		2DB213C2173752BB008CD801 /* Default.png in Resources */ = {isa = PBXBuildFile; fileRef = 2DB213C1173752BB008CD801 /* Default.png */; };
		2DB213C517378050008CD801 /* VVAppearanceBuilder.m in Sources */ = {isa = PBXBuildFile; fileRef = 2DB213C417378050008CD801 /* VVAppearanceBuilder.m */; };
		2DBA66F51707E1D1003B3D99 /* VVBackground-568h@2x.png in Resources */ = {isa = PBXBuildFile; fileRef = 2DBA66F41707E1D1003B3D99 /* VVBackground-568h@2x.png */; };
		2DBA66F71707E2B6003B3D99 /* VVBackground@2x.png in Resources */ = {isa = PBXBuildFile; fileRef = 2DBA66F61707E2B6003B3D99 /* VVBackground@2x.png */; };
		2DBD694816B5272B0058EFE4 /* VVVandyMobileAPIClient.m in Sources */ = {isa = PBXBuildFile; fileRef = 2DBD694716B5272B0058EFE4 /* VVVandyMobileAPIClient.m */; };
		2DBD694B16B548100058EFE4 /* VVReport.m in Sources */ = {isa = PBXBuildFile; fileRef = 2DBD694A16B548100058EFE4 /* VVReport.m */; };
		2DC2059616E45591008B3F31 /* VVNotificationCell.m in Sources */ = {isa = PBXBuildFile; fileRef = 2DC2059516E45591008B3F31 /* VVNotificationCell.m */; };
		2DDDB2F8165DBAA5007077E9 /* VVArrivalTimeTableViewController.m in Sources */ = {isa = PBXBuildFile; fileRef = 2DDDB2F7165DBAA5007077E9 /* VVArrivalTimeTableViewController.m */; };
		2DE5294D172A61DE00F949DD /* libc++.dylib in Frameworks */ = {isa = PBXBuildFile; fileRef = 2DE5294C172A61DE00F949DD /* libc++.dylib */; };
		2DE5294F172A620700F949DD /* libicucore.dylib in Frameworks */ = {isa = PBXBuildFile; fileRef = 2DE5294E172A620700F949DD /* libicucore.dylib */; };
		2DE52951172A620F00F949DD /* libz.dylib in Frameworks */ = {isa = PBXBuildFile; fileRef = 2DE52950172A620F00F949DD /* libz.dylib */; };
		809D88CC0AAF4B31A477FF7E /* libPods.a in Frameworks */ = {isa = PBXBuildFile; fileRef = BA171022C5534BA0B4C4AA79 /* libPods.a */; };
/* End PBXBuildFile section */

/* Begin PBXFileReference section */
		2D0A6EE3172B131600781754 /* map.png */ = {isa = PBXFileReference; lastKnownFileType = image.png; path = map.png; sourceTree = "<group>"; };
		2D0A6EE4172B131600781754 /* map@2x.png */ = {isa = PBXFileReference; lastKnownFileType = image.png; path = "map@2x.png"; sourceTree = "<group>"; };
		2D0A6EE7172B135F00781754 /* target.png */ = {isa = PBXFileReference; lastKnownFileType = image.png; path = target.png; sourceTree = "<group>"; };
		2D0A6EE8172B135F00781754 /* target@2x.png */ = {isa = PBXFileReference; lastKnownFileType = image.png; path = "target@2x.png"; sourceTree = "<group>"; };
		2D0A6EEB172B1C7000781754 /* GMSMarker+ConstructorAdditions.h */ = {isa = PBXFileReference; fileEncoding = 4; lastKnownFileType = sourcecode.c.h; path = "GMSMarker+ConstructorAdditions.h"; sourceTree = "<group>"; };
		2D0A6EEC172B1C7100781754 /* GMSMarker+ConstructorAdditions.m */ = {isa = PBXFileReference; fileEncoding = 4; lastKnownFileType = sourcecode.c.objc; path = "GMSMarker+ConstructorAdditions.m"; sourceTree = "<group>"; };
		2D19509E1729392E0071A6EA /* VVRoute.h */ = {isa = PBXFileReference; fileEncoding = 4; lastKnownFileType = sourcecode.c.h; path = VVRoute.h; sourceTree = "<group>"; };
		2D19509F1729392E0071A6EA /* VVRoute.m */ = {isa = PBXFileReference; fileEncoding = 4; lastKnownFileType = sourcecode.c.objc; path = VVRoute.m; sourceTree = "<group>"; };
		2D34C55C162718C400F170CA /* Vandy Vans.app */ = {isa = PBXFileReference; explicitFileType = wrapper.application; includeInIndex = 0; path = "Vandy Vans.app"; sourceTree = BUILT_PRODUCTS_DIR; };
		2D34C560162718C400F170CA /* UIKit.framework */ = {isa = PBXFileReference; includeInIndex = 1; lastKnownFileType = wrapper.framework; name = UIKit.framework; path = System/Library/Frameworks/UIKit.framework; sourceTree = SDKROOT; };
		2D34C562162718C500F170CA /* Foundation.framework */ = {isa = PBXFileReference; includeInIndex = 1; lastKnownFileType = wrapper.framework; name = Foundation.framework; path = System/Library/Frameworks/Foundation.framework; sourceTree = SDKROOT; };
		2D34C568162718C500F170CA /* Vandy Vans-Info.plist */ = {isa = PBXFileReference; lastKnownFileType = text.plist.xml; path = "Vandy Vans-Info.plist"; sourceTree = "<group>"; };
		2D34C56A162718C500F170CA /* en */ = {isa = PBXFileReference; lastKnownFileType = text.plist.strings; name = en; path = en.lproj/InfoPlist.strings; sourceTree = "<group>"; };
		2D34C56C162718C500F170CA /* main.m */ = {isa = PBXFileReference; lastKnownFileType = sourcecode.c.objc; path = main.m; sourceTree = "<group>"; };
		2D34C56E162718C500F170CA /* Vandy Vans-Prefix.pch */ = {isa = PBXFileReference; lastKnownFileType = sourcecode.c.h; path = "Vandy Vans-Prefix.pch"; sourceTree = "<group>"; };
		2D34C56F162718C500F170CA /* VVAppDelegate.h */ = {isa = PBXFileReference; lastKnownFileType = sourcecode.c.h; path = VVAppDelegate.h; sourceTree = "<group>"; };
		2D34C570162718C500F170CA /* VVAppDelegate.m */ = {isa = PBXFileReference; lastKnownFileType = sourcecode.c.objc; path = VVAppDelegate.m; sourceTree = "<group>"; };
		2D34C59116271A9100F170CA /* VVStopTableViewController.h */ = {isa = PBXFileReference; fileEncoding = 4; lastKnownFileType = sourcecode.c.h; path = VVStopTableViewController.h; sourceTree = "<group>"; };
		2D34C59216271A9100F170CA /* VVStopTableViewController.m */ = {isa = PBXFileReference; fileEncoding = 4; lastKnownFileType = sourcecode.c.objc; path = VVStopTableViewController.m; sourceTree = "<group>"; };
		2D34C59416271B8600F170CA /* VVMapViewController.h */ = {isa = PBXFileReference; fileEncoding = 4; lastKnownFileType = sourcecode.c.h; path = VVMapViewController.h; sourceTree = "<group>"; };
		2D34C59516271B8600F170CA /* VVMapViewController.m */ = {isa = PBXFileReference; fileEncoding = 4; lastKnownFileType = sourcecode.c.objc; path = VVMapViewController.m; sourceTree = "<group>"; };
		2D4D0099168E5A6E00F0BF67 /* en */ = {isa = PBXFileReference; lastKnownFileType = file.storyboard; name = en; path = en.lproj/MainStoryboard_iPhone.storyboard; sourceTree = "<group>"; };
		2D5BE9FA16609B4300CEFFA3 /* VVAPIClient.h */ = {isa = PBXFileReference; fileEncoding = 4; lastKnownFileType = sourcecode.c.h; path = VVAPIClient.h; sourceTree = "<group>"; };
		2D5BE9FB16609B4300CEFFA3 /* VVAPIClient.m */ = {isa = PBXFileReference; fileEncoding = 4; lastKnownFileType = sourcecode.c.objc; path = VVAPIClient.m; sourceTree = "<group>"; };
		2D5BE9FD1660A5A000CEFFA3 /* VVArrivalTime.h */ = {isa = PBXFileReference; fileEncoding = 4; lastKnownFileType = sourcecode.c.h; path = VVArrivalTime.h; sourceTree = "<group>"; };
		2D5BE9FE1660A5A000CEFFA3 /* VVArrivalTime.m */ = {isa = PBXFileReference; fileEncoding = 4; lastKnownFileType = sourcecode.c.objc; path = VVArrivalTime.m; sourceTree = "<group>"; };
		2D7890FE16998AE700C70302 /* VVIcon.png */ = {isa = PBXFileReference; lastKnownFileType = image.png; name = VVIcon.png; path = ../VVIcon.png; sourceTree = "<group>"; };
		2D78910116998B0F00C70302 /* VVIcon@2x.png */ = {isa = PBXFileReference; lastKnownFileType = image.png; name = "VVIcon@2x.png"; path = "../VVIcon@2x.png"; sourceTree = "<group>"; };
		2D78910316998B3400C70302 /* VVAppStoreIcon.png */ = {isa = PBXFileReference; lastKnownFileType = image.png; path = VVAppStoreIcon.png; sourceTree = "<group>"; };
		2D78910B16998C0900C70302 /* VVSpotlightIcon@2x.png */ = {isa = PBXFileReference; lastKnownFileType = image.png; path = "VVSpotlightIcon@2x.png"; sourceTree = "<group>"; };
		2D78910C16998C0900C70302 /* VVSpotlightIcon.png */ = {isa = PBXFileReference; lastKnownFileType = image.png; path = VVSpotlightIcon.png; sourceTree = "<group>"; };
		2D78910D16998C0900C70302 /* VVAppStoreIcon@2x.png */ = {isa = PBXFileReference; lastKnownFileType = image.png; path = "VVAppStoreIcon@2x.png"; sourceTree = "<group>"; };
		2DA198AA16AAB8F7008F5CB5 /* VVReportTableViewController.h */ = {isa = PBXFileReference; fileEncoding = 4; lastKnownFileType = sourcecode.c.h; path = VVReportTableViewController.h; sourceTree = "<group>"; };
		2DA198AB16AAB8F7008F5CB5 /* VVReportTableViewController.m */ = {isa = PBXFileReference; fileEncoding = 4; lastKnownFileType = sourcecode.c.objc; path = VVReportTableViewController.m; sourceTree = "<group>"; };
		2DA198AE16AAC0CC008F5CB5 /* VVAboutTableViewController.h */ = {isa = PBXFileReference; fileEncoding = 4; lastKnownFileType = sourcecode.c.h; path = VVAboutTableViewController.h; sourceTree = "<group>"; };
		2DA198AF16AAC0CC008F5CB5 /* VVAboutTableViewController.m */ = {isa = PBXFileReference; fileEncoding = 4; lastKnownFileType = sourcecode.c.objc; path = VVAboutTableViewController.m; sourceTree = "<group>"; };
		2DADC6D9173889130067B052 /* VVAttributionViewController.h */ = {isa = PBXFileReference; fileEncoding = 4; lastKnownFileType = sourcecode.c.h; path = VVAttributionViewController.h; sourceTree = "<group>"; };
		2DADC6DA173889130067B052 /* VVAttributionViewController.m */ = {isa = PBXFileReference; fileEncoding = 4; lastKnownFileType = sourcecode.c.objc; path = VVAttributionViewController.m; sourceTree = "<group>"; };
		2DAE7C0816F081360014701E /* VVAlertBuilder.h */ = {isa = PBXFileReference; fileEncoding = 4; lastKnownFileType = sourcecode.c.h; path = VVAlertBuilder.h; sourceTree = "<group>"; };
		2DAE7C0916F081370014701E /* VVAlertBuilder.m */ = {isa = PBXFileReference; fileEncoding = 4; lastKnownFileType = sourcecode.c.objc; path = VVAlertBuilder.m; sourceTree = "<group>"; };
		2DB065A7166177D20077AAB4 /* SystemConfiguration.framework */ = {isa = PBXFileReference; lastKnownFileType = wrapper.framework; name = SystemConfiguration.framework; path = System/Library/Frameworks/SystemConfiguration.framework; sourceTree = SDKROOT; };
		2DB065A9166177DA0077AAB4 /* MobileCoreServices.framework */ = {isa = PBXFileReference; lastKnownFileType = wrapper.framework; name = MobileCoreServices.framework; path = System/Library/Frameworks/MobileCoreServices.framework; sourceTree = SDKROOT; };
		2DB1191116BD2161008BA3E9 /* VVAboutBackground-568h@2x.jpg */ = {isa = PBXFileReference; lastKnownFileType = image.jpeg; path = "VVAboutBackground-568h@2x.jpg"; sourceTree = "<group>"; };
		2DB213BD173752A9008CD801 /* Default-568h@2x.png */ = {isa = PBXFileReference; lastKnownFileType = image.png; path = "Default-568h@2x.png"; sourceTree = "<group>"; };
		2DB213BF173752B3008CD801 /* Default@2x.png */ = {isa = PBXFileReference; lastKnownFileType = image.png; path = "Default@2x.png"; sourceTree = "<group>"; };
		2DB213C1173752BB008CD801 /* Default.png */ = {isa = PBXFileReference; lastKnownFileType = image.png; path = Default.png; sourceTree = "<group>"; };
		2DB213C31737804F008CD801 /* VVAppearanceBuilder.h */ = {isa = PBXFileReference; fileEncoding = 4; lastKnownFileType = sourcecode.c.h; path = VVAppearanceBuilder.h; sourceTree = "<group>"; };
		2DB213C417378050008CD801 /* VVAppearanceBuilder.m */ = {isa = PBXFileReference; fileEncoding = 4; lastKnownFileType = sourcecode.c.objc; path = VVAppearanceBuilder.m; sourceTree = "<group>"; };
		2DBA66F41707E1D1003B3D99 /* VVBackground-568h@2x.png */ = {isa = PBXFileReference; lastKnownFileType = image.png; path = "VVBackground-568h@2x.png"; sourceTree = "<group>"; };
		2DBA66F61707E2B6003B3D99 /* VVBackground@2x.png */ = {isa = PBXFileReference; lastKnownFileType = image.png; path = "VVBackground@2x.png"; sourceTree = "<group>"; };
		2DBD694616B5272B0058EFE4 /* VVVandyMobileAPIClient.h */ = {isa = PBXFileReference; fileEncoding = 4; lastKnownFileType = sourcecode.c.h; path = VVVandyMobileAPIClient.h; sourceTree = "<group>"; };
		2DBD694716B5272B0058EFE4 /* VVVandyMobileAPIClient.m */ = {isa = PBXFileReference; fileEncoding = 4; lastKnownFileType = sourcecode.c.objc; path = VVVandyMobileAPIClient.m; sourceTree = "<group>"; };
		2DBD694916B548100058EFE4 /* VVReport.h */ = {isa = PBXFileReference; fileEncoding = 4; lastKnownFileType = sourcecode.c.h; path = VVReport.h; sourceTree = "<group>"; };
		2DBD694A16B548100058EFE4 /* VVReport.m */ = {isa = PBXFileReference; fileEncoding = 4; lastKnownFileType = sourcecode.c.objc; path = VVReport.m; sourceTree = "<group>"; };
		2DC2059416E45591008B3F31 /* VVNotificationCell.h */ = {isa = PBXFileReference; fileEncoding = 4; lastKnownFileType = sourcecode.c.h; path = VVNotificationCell.h; sourceTree = "<group>"; };
		2DC2059516E45591008B3F31 /* VVNotificationCell.m */ = {isa = PBXFileReference; fileEncoding = 4; lastKnownFileType = sourcecode.c.objc; path = VVNotificationCell.m; sourceTree = "<group>"; };
		2DDDB2F6165DBAA5007077E9 /* VVArrivalTimeTableViewController.h */ = {isa = PBXFileReference; fileEncoding = 4; lastKnownFileType = sourcecode.c.h; path = VVArrivalTimeTableViewController.h; sourceTree = "<group>"; };
		2DDDB2F7165DBAA5007077E9 /* VVArrivalTimeTableViewController.m */ = {isa = PBXFileReference; fileEncoding = 4; lastKnownFileType = sourcecode.c.objc; path = VVArrivalTimeTableViewController.m; sourceTree = "<group>"; };
		2DE5294C172A61DE00F949DD /* libc++.dylib */ = {isa = PBXFileReference; lastKnownFileType = "compiled.mach-o.dylib"; name = "libc++.dylib"; path = "usr/lib/libc++.dylib"; sourceTree = SDKROOT; };
		2DE5294E172A620700F949DD /* libicucore.dylib */ = {isa = PBXFileReference; lastKnownFileType = "compiled.mach-o.dylib"; name = libicucore.dylib; path = usr/lib/libicucore.dylib; sourceTree = SDKROOT; };
		2DE52950172A620F00F949DD /* libz.dylib */ = {isa = PBXFileReference; lastKnownFileType = "compiled.mach-o.dylib"; name = libz.dylib; path = usr/lib/libz.dylib; sourceTree = SDKROOT; };
		ADCAEF1C8A2C492EB2B3961B /* Pods.xcconfig */ = {isa = PBXFileReference; includeInIndex = 1; lastKnownFileType = text.xcconfig; name = Pods.xcconfig; path = Pods/Pods.xcconfig; sourceTree = SOURCE_ROOT; };
		BA171022C5534BA0B4C4AA79 /* libPods.a */ = {isa = PBXFileReference; explicitFileType = archive.ar; includeInIndex = 0; path = libPods.a; sourceTree = BUILT_PRODUCTS_DIR; };
/* End PBXFileReference section */

/* Begin PBXFrameworksBuildPhase section */
		2D34C559162718C400F170CA /* Frameworks */ = {
			isa = PBXFrameworksBuildPhase;
			buildActionMask = 2147483647;
			files = (
				2DE52951172A620F00F949DD /* libz.dylib in Frameworks */,
				2DE5294F172A620700F949DD /* libicucore.dylib in Frameworks */,
				2DE5294D172A61DE00F949DD /* libc++.dylib in Frameworks */,
				2DB065AA166177DA0077AAB4 /* MobileCoreServices.framework in Frameworks */,
				2DB065A8166177D20077AAB4 /* SystemConfiguration.framework in Frameworks */,
				2D34C561162718C500F170CA /* UIKit.framework in Frameworks */,
				2D34C563162718C500F170CA /* Foundation.framework in Frameworks */,
				809D88CC0AAF4B31A477FF7E /* libPods.a in Frameworks */,
			);
			runOnlyForDeploymentPostprocessing = 0;
		};
/* End PBXFrameworksBuildPhase section */

/* Begin PBXGroup section */
		2D34C551162718C400F170CA = {
			isa = PBXGroup;
			children = (
				2D34C566162718C500F170CA /* Vandy Vans */,
				2D34C55F162718C400F170CA /* Frameworks */,
				2D34C55D162718C400F170CA /* Products */,
				ADCAEF1C8A2C492EB2B3961B /* Pods.xcconfig */,
			);
			sourceTree = "<group>";
		};
		2D34C55D162718C400F170CA /* Products */ = {
			isa = PBXGroup;
			children = (
				2D34C55C162718C400F170CA /* Vandy Vans.app */,
			);
			name = Products;
			sourceTree = "<group>";
		};
		2D34C55F162718C400F170CA /* Frameworks */ = {
			isa = PBXGroup;
			children = (
				2DE52950172A620F00F949DD /* libz.dylib */,
				2DE5294E172A620700F949DD /* libicucore.dylib */,
				2DE5294C172A61DE00F949DD /* libc++.dylib */,
				2DB065A9166177DA0077AAB4 /* MobileCoreServices.framework */,
				2DB065A7166177D20077AAB4 /* SystemConfiguration.framework */,
				2D34C560162718C400F170CA /* UIKit.framework */,
				2D34C562162718C500F170CA /* Foundation.framework */,
				BA171022C5534BA0B4C4AA79 /* libPods.a */,
			);
			name = Frameworks;
			sourceTree = "<group>";
		};
		2D34C566162718C500F170CA /* Vandy Vans */ = {
			isa = PBXGroup;
			children = (
				2D4D0098168E5A6E00F0BF67 /* MainStoryboard_iPhone.storyboard */,
				2DADC6D9173889130067B052 /* VVAttributionViewController.h */,
				2DADC6DA173889130067B052 /* VVAttributionViewController.m */,
				2D19509E1729392E0071A6EA /* VVRoute.h */,
				2DB213C31737804F008CD801 /* VVAppearanceBuilder.h */,
				2DB213C417378050008CD801 /* VVAppearanceBuilder.m */,
				2D19509F1729392E0071A6EA /* VVRoute.m */,
				2D0A6EEB172B1C7000781754 /* GMSMarker+ConstructorAdditions.h */,
				2D0A6EEC172B1C7100781754 /* GMSMarker+ConstructorAdditions.m */,
				2DA198AA16AAB8F7008F5CB5 /* VVReportTableViewController.h */,
				2DA198AB16AAB8F7008F5CB5 /* VVReportTableViewController.m */,
				2DA198AE16AAC0CC008F5CB5 /* VVAboutTableViewController.h */,
				2DA198AF16AAC0CC008F5CB5 /* VVAboutTableViewController.m */,
				2DBD694916B548100058EFE4 /* VVReport.h */,
				2DBD694A16B548100058EFE4 /* VVReport.m */,
				2D5BE9FA16609B4300CEFFA3 /* VVAPIClient.h */,
				2D5BE9FB16609B4300CEFFA3 /* VVAPIClient.m */,
				2DBD694616B5272B0058EFE4 /* VVVandyMobileAPIClient.h */,
				2DBD694716B5272B0058EFE4 /* VVVandyMobileAPIClient.m */,
				2D34C56F162718C500F170CA /* VVAppDelegate.h */,
				2D34C570162718C500F170CA /* VVAppDelegate.m */,
				2DAE7C0816F081360014701E /* VVAlertBuilder.h */,
				2DAE7C0916F081370014701E /* VVAlertBuilder.m */,
				2D5BE9FD1660A5A000CEFFA3 /* VVArrivalTime.h */,
				2D5BE9FE1660A5A000CEFFA3 /* VVArrivalTime.m */,
				2DDDB2F6165DBAA5007077E9 /* VVArrivalTimeTableViewController.h */,
				2DDDB2F7165DBAA5007077E9 /* VVArrivalTimeTableViewController.m */,
				2DC2059416E45591008B3F31 /* VVNotificationCell.h */,
				2DC2059516E45591008B3F31 /* VVNotificationCell.m */,
				2D34C59416271B8600F170CA /* VVMapViewController.h */,
				2D34C59516271B8600F170CA /* VVMapViewController.m */,
				2D34C59116271A9100F170CA /* VVStopTableViewController.h */,
				2D34C59216271A9100F170CA /* VVStopTableViewController.m */,
				2D34C567162718C500F170CA /* Supporting Files */,
			);
			path = "Vandy Vans";
			sourceTree = "<group>";
		};
		2D34C567162718C500F170CA /* Supporting Files */ = {
			isa = PBXGroup;
			children = (
				2D78910016998AF600C70302 /* Images */,
				2D34C568162718C500F170CA /* Vandy Vans-Info.plist */,
				2D34C569162718C500F170CA /* InfoPlist.strings */,
				2D34C56C162718C500F170CA /* main.m */,
				2D34C56E162718C500F170CA /* Vandy Vans-Prefix.pch */,
			);
			name = "Supporting Files";
			sourceTree = "<group>";
		};
		2D78910016998AF600C70302 /* Images */ = {
			isa = PBXGroup;
			children = (
				2DB213C1173752BB008CD801 /* Default.png */,
				2DB213BF173752B3008CD801 /* Default@2x.png */,
				2DB213BD173752A9008CD801 /* Default-568h@2x.png */,
				2DBA66F61707E2B6003B3D99 /* VVBackground@2x.png */,
				2DBA66F41707E1D1003B3D99 /* VVBackground-568h@2x.png */,
				2D0A6EE3172B131600781754 /* map.png */,
				2D0A6EE4172B131600781754 /* map@2x.png */,
				2D0A6EE7172B135F00781754 /* target.png */,
				2D0A6EE8172B135F00781754 /* target@2x.png */,
				2DB1191116BD2161008BA3E9 /* VVAboutBackground-568h@2x.jpg */,
				2D78910B16998C0900C70302 /* VVSpotlightIcon@2x.png */,
				2D78910C16998C0900C70302 /* VVSpotlightIcon.png */,
				2D78910D16998C0900C70302 /* VVAppStoreIcon@2x.png */,
				2D78910316998B3400C70302 /* VVAppStoreIcon.png */,
				2D78910116998B0F00C70302 /* VVIcon@2x.png */,
				2D7890FE16998AE700C70302 /* VVIcon.png */,
			);
			name = Images;
			sourceTree = "<group>";
		};
/* End PBXGroup section */

/* Begin PBXNativeTarget section */
		2D34C55B162718C400F170CA /* Vandy Vans */ = {
			isa = PBXNativeTarget;
			buildConfigurationList = 2D34C58E162718C500F170CA /* Build configuration list for PBXNativeTarget "Vandy Vans" */;
			buildPhases = (
				2D34C558162718C400F170CA /* Sources */,
				2D34C559162718C400F170CA /* Frameworks */,
				2D34C55A162718C400F170CA /* Resources */,
				CF659307DCC44B61AC9EC350 /* Copy Pods Resources */,
			);
			buildRules = (
			);
			dependencies = (
			);
			name = "Vandy Vans";
			productName = "Vandy Vans";
			productReference = 2D34C55C162718C400F170CA /* Vandy Vans.app */;
			productType = "com.apple.product-type.application";
		};
/* End PBXNativeTarget section */

/* Begin PBXProject section */
		2D34C553162718C400F170CA /* Project object */ = {
			isa = PBXProject;
			attributes = {
				CLASSPREFIX = VV;
				LastUpgradeCheck = 0450;
				ORGANIZATIONNAME = VandyMobile;
			};
			buildConfigurationList = 2D34C556162718C400F170CA /* Build configuration list for PBXProject "Vandy Vans" */;
			compatibilityVersion = "Xcode 3.2";
			developmentRegion = English;
			hasScannedForEncodings = 0;
			knownRegions = (
				en,
			);
			mainGroup = 2D34C551162718C400F170CA;
			productRefGroup = 2D34C55D162718C400F170CA /* Products */;
			projectDirPath = "";
			projectRoot = "";
			targets = (
				2D34C55B162718C400F170CA /* Vandy Vans */,
			);
		};
/* End PBXProject section */

/* Begin PBXResourcesBuildPhase section */
		2D34C55A162718C400F170CA /* Resources */ = {
			isa = PBXResourcesBuildPhase;
			buildActionMask = 2147483647;
			files = (
				2D34C56B162718C500F170CA /* InfoPlist.strings in Resources */,
				2D4D009A168E5A6E00F0BF67 /* MainStoryboard_iPhone.storyboard in Resources */,
				2D7890FF16998AE700C70302 /* VVIcon.png in Resources */,
				2D78910216998B0F00C70302 /* VVIcon@2x.png in Resources */,
				2D78910416998B3400C70302 /* VVAppStoreIcon.png in Resources */,
				2D78910E16998C0900C70302 /* VVSpotlightIcon@2x.png in Resources */,
				2D78910F16998C0900C70302 /* VVSpotlightIcon.png in Resources */,
				2D78911016998C0900C70302 /* VVAppStoreIcon@2x.png in Resources */,
				2DB1191316BD2161008BA3E9 /* VVAboutBackground-568h@2x.jpg in Resources */,
				2DBA66F51707E1D1003B3D99 /* VVBackground-568h@2x.png in Resources */,
				2DBA66F71707E2B6003B3D99 /* VVBackground@2x.png in Resources */,
				2D0A6EE5172B131600781754 /* map.png in Resources */,
				2D0A6EE6172B131600781754 /* map@2x.png in Resources */,
				2D0A6EE9172B135F00781754 /* target.png in Resources */,
				2D0A6EEA172B135F00781754 /* target@2x.png in Resources */,
				2DB213BE173752A9008CD801 /* Default-568h@2x.png in Resources */,
				2DB213C0173752B3008CD801 /* Default@2x.png in Resources */,
				2DB213C2173752BB008CD801 /* Default.png in Resources */,
			);
			runOnlyForDeploymentPostprocessing = 0;
		};
/* End PBXResourcesBuildPhase section */

/* Begin PBXShellScriptBuildPhase section */
		CF659307DCC44B61AC9EC350 /* Copy Pods Resources */ = {
			isa = PBXShellScriptBuildPhase;
			buildActionMask = 2147483647;
			files = (
			);
			inputPaths = (
			);
			name = "Copy Pods Resources";
			outputPaths = (
			);
			runOnlyForDeploymentPostprocessing = 0;
			shellPath = /bin/sh;
			shellScript = "\"${SRCROOT}/Pods/Pods-resources.sh\"\n";
		};
/* End PBXShellScriptBuildPhase section */

/* Begin PBXSourcesBuildPhase section */
		2D34C558162718C400F170CA /* Sources */ = {
			isa = PBXSourcesBuildPhase;
			buildActionMask = 2147483647;
			files = (
				2D34C56D162718C500F170CA /* main.m in Sources */,
				2D34C571162718C500F170CA /* VVAppDelegate.m in Sources */,
				2D34C59316271A9100F170CA /* VVStopTableViewController.m in Sources */,
				2D34C59616271B8600F170CA /* VVMapViewController.m in Sources */,
				2DDDB2F8165DBAA5007077E9 /* VVArrivalTimeTableViewController.m in Sources */,
				2D5BE9FC16609B4300CEFFA3 /* VVAPIClient.m in Sources */,
				2D5BE9FF1660A5A000CEFFA3 /* VVArrivalTime.m in Sources */,
				2DA198AC16AAB8F7008F5CB5 /* VVReportTableViewController.m in Sources */,
				2DA198B016AAC0CC008F5CB5 /* VVAboutTableViewController.m in Sources */,
				2DBD694816B5272B0058EFE4 /* VVVandyMobileAPIClient.m in Sources */,
				2DBD694B16B548100058EFE4 /* VVReport.m in Sources */,
				2DC2059616E45591008B3F31 /* VVNotificationCell.m in Sources */,
				2DAE7C0A16F081370014701E /* VVAlertBuilder.m in Sources */,
				2D1950A01729392E0071A6EA /* VVRoute.m in Sources */,
				2D0A6EED172B1C7100781754 /* GMSMarker+ConstructorAdditions.m in Sources */,
				2DB213C517378050008CD801 /* VVAppearanceBuilder.m in Sources */,
				2DADC6DB173889130067B052 /* VVAttributionViewController.m in Sources */,
			);
			runOnlyForDeploymentPostprocessing = 0;
		};
/* End PBXSourcesBuildPhase section */

/* Begin PBXVariantGroup section */
		2D34C569162718C500F170CA /* InfoPlist.strings */ = {
			isa = PBXVariantGroup;
			children = (
				2D34C56A162718C500F170CA /* en */,
			);
			name = InfoPlist.strings;
			sourceTree = "<group>";
		};
		2D4D0098168E5A6E00F0BF67 /* MainStoryboard_iPhone.storyboard */ = {
			isa = PBXVariantGroup;
			children = (
				2D4D0099168E5A6E00F0BF67 /* en */,
			);
			name = MainStoryboard_iPhone.storyboard;
			sourceTree = "<group>";
		};
/* End PBXVariantGroup section */

/* Begin XCBuildConfiguration section */
		2D34C58C162718C500F170CA /* Debug */ = {
			isa = XCBuildConfiguration;
			buildSettings = {
				ALWAYS_SEARCH_USER_PATHS = NO;
				CLANG_CXX_LANGUAGE_STANDARD = "gnu++0x";
				CLANG_CXX_LIBRARY = "libc++";
				CLANG_ENABLE_OBJC_ARC = YES;
				CLANG_WARN_EMPTY_BODY = YES;
				CLANG_WARN__DUPLICATE_METHOD_MATCH = YES;
				"CODE_SIGN_IDENTITY[sdk=iphoneos*]" = "iPhone Developer";
				COPY_PHASE_STRIP = NO;
				GCC_C_LANGUAGE_STANDARD = gnu99;
				GCC_DYNAMIC_NO_PIC = NO;
				GCC_OPTIMIZATION_LEVEL = 0;
				GCC_PREPROCESSOR_DEFINITIONS = (
					"DEBUG=1",
					"$(inherited)",
				);
				GCC_SYMBOLS_PRIVATE_EXTERN = NO;
				GCC_WARN_ABOUT_RETURN_TYPE = YES;
				GCC_WARN_UNINITIALIZED_AUTOS = YES;
				GCC_WARN_UNUSED_VARIABLE = YES;
				IPHONEOS_DEPLOYMENT_TARGET = 6.0;
				ONLY_ACTIVE_ARCH = YES;
				SDKROOT = iphoneos;
				TARGETED_DEVICE_FAMILY = "1,2";
			};
			name = Debug;
		};
		2D34C58D162718C500F170CA /* Release */ = {
			isa = XCBuildConfiguration;
			buildSettings = {
				ALWAYS_SEARCH_USER_PATHS = NO;
				CLANG_CXX_LANGUAGE_STANDARD = "gnu++0x";
				CLANG_CXX_LIBRARY = "libc++";
				CLANG_ENABLE_OBJC_ARC = YES;
				CLANG_WARN_EMPTY_BODY = YES;
				CLANG_WARN__DUPLICATE_METHOD_MATCH = YES;
				"CODE_SIGN_IDENTITY[sdk=iphoneos*]" = "iPhone Developer";
				COPY_PHASE_STRIP = YES;
				GCC_C_LANGUAGE_STANDARD = gnu99;
				GCC_WARN_ABOUT_RETURN_TYPE = YES;
				GCC_WARN_UNINITIALIZED_AUTOS = YES;
				GCC_WARN_UNUSED_VARIABLE = YES;
				IPHONEOS_DEPLOYMENT_TARGET = 6.0;
				OTHER_CFLAGS = "-DNS_BLOCK_ASSERTIONS=1";
				SDKROOT = iphoneos;
				TARGETED_DEVICE_FAMILY = "1,2";
				VALIDATE_PRODUCT = YES;
			};
			name = Release;
		};
		2D34C58F162718C500F170CA /* Debug */ = {
			isa = XCBuildConfiguration;
			baseConfigurationReference = ADCAEF1C8A2C492EB2B3961B /* Pods.xcconfig */;
			buildSettings = {
				ARCHS = armv7;
				CODE_SIGN_IDENTITY = "iPhone Developer";
				GCC_PRECOMPILE_PREFIX_HEADER = YES;
				GCC_PREFIX_HEADER = "Vandy Vans/Vandy Vans-Prefix.pch";
				INFOPLIST_FILE = "Vandy Vans/Vandy Vans-Info.plist";
				ONLY_ACTIVE_ARCH = YES;
				PRODUCT_NAME = "$(TARGET_NAME)";
				PROVISIONING_PROFILE = "";
				TARGETED_DEVICE_FAMILY = 1;
				VALID_ARCHS = "armv7 armv7s";
				WRAPPER_EXTENSION = app;
			};
			name = Debug;
		};
		2D34C590162718C500F170CA /* Release */ = {
			isa = XCBuildConfiguration;
			baseConfigurationReference = ADCAEF1C8A2C492EB2B3961B /* Pods.xcconfig */;
			buildSettings = {
				ARCHS = armv7;
				CODE_SIGN_IDENTITY = "iPhone Developer";
				GCC_PRECOMPILE_PREFIX_HEADER = YES;
				GCC_PREFIX_HEADER = "Vandy Vans/Vandy Vans-Prefix.pch";
				INFOPLIST_FILE = "Vandy Vans/Vandy Vans-Info.plist";
				ONLY_ACTIVE_ARCH = NO;
				PRODUCT_NAME = "$(TARGET_NAME)";
				PROVISIONING_PROFILE = "";
				TARGETED_DEVICE_FAMILY = 1;
				WRAPPER_EXTENSION = app;
			};
			name = Release;
		};
/* End XCBuildConfiguration section */

/* Begin XCConfigurationList section */
		2D34C556162718C400F170CA /* Build configuration list for PBXProject "Vandy Vans" */ = {
			isa = XCConfigurationList;
			buildConfigurations = (
				2D34C58C162718C500F170CA /* Debug */,
				2D34C58D162718C500F170CA /* Release */,
			);
			defaultConfigurationIsVisible = 0;
			defaultConfigurationName = Release;
		};
		2D34C58E162718C500F170CA /* Build configuration list for PBXNativeTarget "Vandy Vans" */ = {
			isa = XCConfigurationList;
			buildConfigurations = (
				2D34C58F162718C500F170CA /* Debug */,
				2D34C590162718C500F170CA /* Release */,
			);
			defaultConfigurationIsVisible = 0;
			defaultConfigurationName = Release;
		};
/* End XCConfigurationList section */
	};
	rootObject = 2D34C553162718C400F170CA /* Project object */;
}
