PODS:
  - AFNetworking (1.2.1)
  - BSModalPickerView (0.3)
  - Google-Maps-iOS-SDK (1.3.0)
  - SSToolkit (1.0.4)
  - SVProgressHUD (0.9)

DEPENDENCIES:
  - AFNetworking
  - BSModalPickerView
  - Google-Maps-iOS-SDK
  - SSToolkit
  - SVProgressHUD

SPEC CHECKSUMS:
  AFNetworking: d1ba5908b233189e424e101721acef7905b58efb
  BSModalPickerView: dccca4aba5a90e13041fd00bce5a1e0cf0149d88
  Google-Maps-iOS-SDK: 5df23959b024f9f16618e1f92fd5accfd62d1072
  SSToolkit: 689acaedac79c2079e492e528a55bcb5db9d98c4
  SVProgressHUD: 03d4845ec8e64591726428a08236c6a5489d45f8

COCOAPODS: 0.19.1
