PODS:
  - AFNetworking (1.2.1)
  - BSModalPickerView (0.3)
  - Google-Maps-iOS-SDK (1.3.0)
  - GoogleAnalytics-iOS-SDK (2.0beta4)
  - SSToolkit (1.0.4)
  - SVProgressHUD (0.9)

DEPENDENCIES:
  - AFNetworking
  - BSModalPickerView (= 0.3)
  - Google-Maps-iOS-SDK (~> 1.3.0)
  - GoogleAnalytics-iOS-SDK
  - SSToolkit
  - SVProgressHUD

SPEC CHECKSUMS:
  AFNetworking: a44069e3c9c89867544f6639482f155c7e5f9b41
  BSModalPickerView: dccca4aba5a90e13041fd00bce5a1e0cf0149d88
  Google-Maps-iOS-SDK: 86d335ee218e656eda2ccae3d9a3fe861217b971
  GoogleAnalytics-iOS-SDK: acf0f1ac4dcac408d17e7766454918b7e9e2b03a
  SSToolkit: 689acaedac79c2079e492e528a55bcb5db9d98c4
  SVProgressHUD: 03d4845ec8e64591726428a08236c6a5489d45f8

COCOAPODS: 0.23.0
